// !$*UTF8*$!
{
	archiveVersion = 1;
	classes = {
	};
	objectVersion = 56;
	objects = {

/* Begin PBXBuildFile section */
		4504F8D12C7E716600DD8383 /* FirestoreService.swift in Sources */ = {isa = PBXBuildFile; fileRef = 4504F8D02C7E716600DD8383 /* FirestoreService.swift */; };
		4504F8D42C7E884100DD8383 /* SDWebImage in Frameworks */ = {isa = PBXBuildFile; productRef = 4504F8D32C7E884100DD8383 /* SDWebImage */; };
		4504F8D62C7E884100DD8383 /* SDWebImageMapKit in Frameworks */ = {isa = PBXBuildFile; productRef = 4504F8D52C7E884100DD8383 /* SDWebImageMapKit */; };
		4504F8D92C7E8A3400DD8383 /* SDWebImageSwiftUI in Frameworks */ = {isa = PBXBuildFile; productRef = 4504F8D82C7E8A3400DD8383 /* SDWebImageSwiftUI */; };
		458038FF2C73E8F600D84C94 /* Workout_TrackerApp.swift in Sources */ = {isa = PBXBuildFile; fileRef = 458038FE2C73E8F600D84C94 /* Workout_TrackerApp.swift */; };
		458039012C73E8F600D84C94 /* ProfileView.swift in Sources */ = {isa = PBXBuildFile; fileRef = 458039002C73E8F600D84C94 /* ProfileView.swift */; };
		458039032C73E8F700D84C94 /* Assets.xcassets in Resources */ = {isa = PBXBuildFile; fileRef = 458039022C73E8F700D84C94 /* Assets.xcassets */; };
		458039062C73E8F700D84C94 /* Preview Assets.xcassets in Resources */ = {isa = PBXBuildFile; fileRef = 458039052C73E8F700D84C94 /* Preview Assets.xcassets */; };
		458039122C73E99400D84C94 /* HistoryView.swift in Sources */ = {isa = PBXBuildFile; fileRef = 458039112C73E99400D84C94 /* HistoryView.swift */; };
		458039142C73E99E00D84C94 /* WorkoutView.swift in Sources */ = {isa = PBXBuildFile; fileRef = 458039132C73E99E00D84C94 /* WorkoutView.swift */; };
		458039172C73E9B500D84C94 /* ExercisesView.swift in Sources */ = {isa = PBXBuildFile; fileRef = 458039162C73E9B500D84C94 /* ExercisesView.swift */; };
		458039192C73E9BE00D84C94 /* MeasureView.swift in Sources */ = {isa = PBXBuildFile; fileRef = 458039182C73E9BE00D84C94 /* MeasureView.swift */; };
		4580391B2C73E9C900D84C94 /* MainTabView.swift in Sources */ = {isa = PBXBuildFile; fileRef = 4580391A2C73E9C900D84C94 /* MainTabView.swift */; };
		4580391D2C73EA1A00D84C94 /* ContentView.swift in Sources */ = {isa = PBXBuildFile; fileRef = 4580391C2C73EA1A00D84C94 /* ContentView.swift */; };
		4580391F2C73F1AC00D84C94 /* Exercise.swift in Sources */ = {isa = PBXBuildFile; fileRef = 4580391E2C73F1AC00D84C94 /* Exercise.swift */; };
		458039212C73F21E00D84C94 /* SampleExercises.swift in Sources */ = {isa = PBXBuildFile; fileRef = 458039202C73F21E00D84C94 /* SampleExercises.swift */; };
		458039232C73F23600D84C94 /* ExerciseRowView.swift in Sources */ = {isa = PBXBuildFile; fileRef = 458039222C73F23600D84C94 /* ExerciseRowView.swift */; };
		458039252C73F4C200D84C94 /* WorkoutTemplate.swift in Sources */ = {isa = PBXBuildFile; fileRef = 458039242C73F4C200D84C94 /* WorkoutTemplate.swift */; };
		458039272C73F4F400D84C94 /* SampleWorkoutTemplates.swift in Sources */ = {isa = PBXBuildFile; fileRef = 458039262C73F4F400D84C94 /* SampleWorkoutTemplates.swift */; };
		458039292C73F8D800D84C94 /* ActiveWorkoutView.swift in Sources */ = {isa = PBXBuildFile; fileRef = 458039282C73F8D800D84C94 /* ActiveWorkoutView.swift */; };
		4580392B2C73F9E500D84C94 /* WorkoutTemplateCardView.swift in Sources */ = {isa = PBXBuildFile; fileRef = 4580392A2C73F9E500D84C94 /* WorkoutTemplateCardView.swift */; };
		4580392D2C73FCF800D84C94 /* CalendarView.swift in Sources */ = {isa = PBXBuildFile; fileRef = 4580392C2C73FCF800D84C94 /* CalendarView.swift */; };
		458039332C74198F00D84C94 /* ExerciseDBService.swift in Sources */ = {isa = PBXBuildFile; fileRef = 458039322C74198F00D84C94 /* ExerciseDBService.swift */; };
		458039352C7419CB00D84C94 /* ExerciseModel.swift in Sources */ = {isa = PBXBuildFile; fileRef = 458039342C7419CB00D84C94 /* ExerciseModel.swift */; };
		458039372C750F2B00D84C94 /* SearchBarView.swift in Sources */ = {isa = PBXBuildFile; fileRef = 458039362C750F2B00D84C94 /* SearchBarView.swift */; };
		458039392C750F3700D84C94 /* ExerciseDetailView.swift in Sources */ = {isa = PBXBuildFile; fileRef = 458039382C750F3700D84C94 /* ExerciseDetailView.swift */; };
		458039482C766A0A00D84C94 /* AdminExerciseManagerView.swift in Sources */ = {isa = PBXBuildFile; fileRef = 458039472C766A0A00D84C94 /* AdminExerciseManagerView.swift */; };
		45BD11CE2C77DDD700FA04A6 /* GoogleService-Info.plist in Resources */ = {isa = PBXBuildFile; fileRef = 45BD11CD2C77DDD700FA04A6 /* GoogleService-Info.plist */; };
		45BD11D12C77E06100FA04A6 /* FirebaseAnalytics in Frameworks */ = {isa = PBXBuildFile; productRef = 45BD11D02C77E06100FA04A6 /* FirebaseAnalytics */; };
		45BD11D32C77E06100FA04A6 /* FirebaseAuth in Frameworks */ = {isa = PBXBuildFile; productRef = 45BD11D22C77E06100FA04A6 /* FirebaseAuth */; };
		45BD11D52C77E06100FA04A6 /* FirebaseFirestore in Frameworks */ = {isa = PBXBuildFile; productRef = 45BD11D42C77E06100FA04A6 /* FirebaseFirestore */; };
/* End PBXBuildFile section */

/* Begin PBXFileReference section */
		4504F8D02C7E716600DD8383 /* FirestoreService.swift */ = {isa = PBXFileReference; lastKnownFileType = sourcecode.swift; path = FirestoreService.swift; sourceTree = "<group>"; };
		458038FB2C73E8F600D84C94 /* Workout Tracker.app */ = {isa = PBXFileReference; explicitFileType = wrapper.application; includeInIndex = 0; path = "Workout Tracker.app"; sourceTree = BUILT_PRODUCTS_DIR; };
		458038FE2C73E8F600D84C94 /* Workout_TrackerApp.swift */ = {isa = PBXFileReference; lastKnownFileType = sourcecode.swift; path = Workout_TrackerApp.swift; sourceTree = "<group>"; };
		458039002C73E8F600D84C94 /* ProfileView.swift */ = {isa = PBXFileReference; lastKnownFileType = sourcecode.swift; path = ProfileView.swift; sourceTree = "<group>"; };
		458039022C73E8F700D84C94 /* Assets.xcassets */ = {isa = PBXFileReference; lastKnownFileType = folder.assetcatalog; path = Assets.xcassets; sourceTree = "<group>"; };
		458039052C73E8F700D84C94 /* Preview Assets.xcassets */ = {isa = PBXFileReference; lastKnownFileType = folder.assetcatalog; path = "Preview Assets.xcassets"; sourceTree = "<group>"; };
		458039112C73E99400D84C94 /* HistoryView.swift */ = {isa = PBXFileReference; lastKnownFileType = sourcecode.swift; path = HistoryView.swift; sourceTree = "<group>"; };
		458039132C73E99E00D84C94 /* WorkoutView.swift */ = {isa = PBXFileReference; lastKnownFileType = sourcecode.swift; path = WorkoutView.swift; sourceTree = "<group>"; };
		458039162C73E9B500D84C94 /* ExercisesView.swift */ = {isa = PBXFileReference; lastKnownFileType = sourcecode.swift; path = ExercisesView.swift; sourceTree = "<group>"; };
		458039182C73E9BE00D84C94 /* MeasureView.swift */ = {isa = PBXFileReference; lastKnownFileType = sourcecode.swift; path = MeasureView.swift; sourceTree = "<group>"; };
		4580391A2C73E9C900D84C94 /* MainTabView.swift */ = {isa = PBXFileReference; lastKnownFileType = sourcecode.swift; path = MainTabView.swift; sourceTree = "<group>"; };
		4580391C2C73EA1A00D84C94 /* ContentView.swift */ = {isa = PBXFileReference; lastKnownFileType = sourcecode.swift; path = ContentView.swift; sourceTree = "<group>"; };
		4580391E2C73F1AC00D84C94 /* Exercise.swift */ = {isa = PBXFileReference; lastKnownFileType = sourcecode.swift; path = Exercise.swift; sourceTree = "<group>"; };
		458039202C73F21E00D84C94 /* SampleExercises.swift */ = {isa = PBXFileReference; lastKnownFileType = sourcecode.swift; path = SampleExercises.swift; sourceTree = "<group>"; };
		458039222C73F23600D84C94 /* ExerciseRowView.swift */ = {isa = PBXFileReference; lastKnownFileType = sourcecode.swift; path = ExerciseRowView.swift; sourceTree = "<group>"; };
		458039242C73F4C200D84C94 /* WorkoutTemplate.swift */ = {isa = PBXFileReference; lastKnownFileType = sourcecode.swift; path = WorkoutTemplate.swift; sourceTree = "<group>"; };
		458039262C73F4F400D84C94 /* SampleWorkoutTemplates.swift */ = {isa = PBXFileReference; lastKnownFileType = sourcecode.swift; path = SampleWorkoutTemplates.swift; sourceTree = "<group>"; };
		458039282C73F8D800D84C94 /* ActiveWorkoutView.swift */ = {isa = PBXFileReference; lastKnownFileType = sourcecode.swift; path = ActiveWorkoutView.swift; sourceTree = "<group>"; };
		4580392A2C73F9E500D84C94 /* WorkoutTemplateCardView.swift */ = {isa = PBXFileReference; lastKnownFileType = sourcecode.swift; path = WorkoutTemplateCardView.swift; sourceTree = "<group>"; };
		4580392C2C73FCF800D84C94 /* CalendarView.swift */ = {isa = PBXFileReference; lastKnownFileType = sourcecode.swift; path = CalendarView.swift; sourceTree = "<group>"; };
		458039322C74198F00D84C94 /* ExerciseDBService.swift */ = {isa = PBXFileReference; lastKnownFileType = sourcecode.swift; name = ExerciseDBService.swift; path = "Workout Tracker/Services/ExerciseDBService.swift"; sourceTree = SOURCE_ROOT; };
		458039342C7419CB00D84C94 /* ExerciseModel.swift */ = {isa = PBXFileReference; lastKnownFileType = sourcecode.swift; path = ExerciseModel.swift; sourceTree = "<group>"; };
		458039362C750F2B00D84C94 /* SearchBarView.swift */ = {isa = PBXFileReference; lastKnownFileType = sourcecode.swift; path = SearchBarView.swift; sourceTree = "<group>"; };
		458039382C750F3700D84C94 /* ExerciseDetailView.swift */ = {isa = PBXFileReference; lastKnownFileType = sourcecode.swift; path = ExerciseDetailView.swift; sourceTree = "<group>"; };
		458039472C766A0A00D84C94 /* AdminExerciseManagerView.swift */ = {isa = PBXFileReference; lastKnownFileType = sourcecode.swift; path = AdminExerciseManagerView.swift; sourceTree = "<group>"; };
		45BD11CD2C77DDD700FA04A6 /* GoogleService-Info.plist */ = {isa = PBXFileReference; fileEncoding = 4; lastKnownFileType = text.plist.xml; path = "GoogleService-Info.plist"; sourceTree = "<group>"; };
/* End PBXFileReference section */

/* Begin PBXFrameworksBuildPhase section */
		458038F82C73E8F600D84C94 /* Frameworks */ = {
			isa = PBXFrameworksBuildPhase;
			buildActionMask = 2147483647;
			files = (
				4504F8D92C7E8A3400DD8383 /* SDWebImageSwiftUI in Frameworks */,
				45BD11D12C77E06100FA04A6 /* FirebaseAnalytics in Frameworks */,
				4504F8D62C7E884100DD8383 /* SDWebImageMapKit in Frameworks */,
				45BD11D32C77E06100FA04A6 /* FirebaseAuth in Frameworks */,
				4504F8D42C7E884100DD8383 /* SDWebImage in Frameworks */,
				45BD11D52C77E06100FA04A6 /* FirebaseFirestore in Frameworks */,
			);
			runOnlyForDeploymentPostprocessing = 0;
		};
/* End PBXFrameworksBuildPhase section */

/* Begin PBXGroup section */
		4504F8CF2C7E713900DD8383 /* Services */ = {
			isa = PBXGroup;
			children = (
				458039322C74198F00D84C94 /* ExerciseDBService.swift */,
				4504F8D02C7E716600DD8383 /* FirestoreService.swift */,
			);
			path = Services;
			sourceTree = "<group>";
		};
		458038F22C73E8F600D84C94 = {
			isa = PBXGroup;
			children = (
				458038FD2C73E8F600D84C94 /* Workout Tracker */,
				458038FC2C73E8F600D84C94 /* Products */,
			);
			sourceTree = "<group>";
		};
		458038FC2C73E8F600D84C94 /* Products */ = {
			isa = PBXGroup;
			children = (
				458038FB2C73E8F600D84C94 /* Workout Tracker.app */,
			);
			name = Products;
			sourceTree = "<group>";
		};
		458038FD2C73E8F600D84C94 /* Workout Tracker */ = {
			isa = PBXGroup;
			children = (
				458038FE2C73E8F600D84C94 /* Workout_TrackerApp.swift */,
				45BD11CD2C77DDD700FA04A6 /* GoogleService-Info.plist */,
				458039462C7669E600D84C94 /* Admin */,
				4580390C2C73E91300D84C94 /* Views */,
				4580390E2C73E92300D84C94 /* Models */,
				4580390F2C73E92900D84C94 /* ViewModels */,
				4580390D2C73E91900D84C94 /* Components */,
				458039022C73E8F700D84C94 /* Assets.xcassets */,
				4504F8CF2C7E713900DD8383 /* Services */,
				4580393F2C75497B00D84C94 /* Configurations */,
				458039042C73E8F700D84C94 /* Preview Content */,
			);
			path = "Workout Tracker";
			sourceTree = "<group>";
		};
		458039042C73E8F700D84C94 /* Preview Content */ = {
			isa = PBXGroup;
			children = (
				458039052C73E8F700D84C94 /* Preview Assets.xcassets */,
			);
			path = "Preview Content";
			sourceTree = "<group>";
		};
		4580390C2C73E91300D84C94 /* Views */ = {
			isa = PBXGroup;
			children = (
				458039002C73E8F600D84C94 /* ProfileView.swift */,
				458039112C73E99400D84C94 /* HistoryView.swift */,
				458039132C73E99E00D84C94 /* WorkoutView.swift */,
				458039162C73E9B500D84C94 /* ExercisesView.swift */,
				458039182C73E9BE00D84C94 /* MeasureView.swift */,
				4580391A2C73E9C900D84C94 /* MainTabView.swift */,
				4580391C2C73EA1A00D84C94 /* ContentView.swift */,
				458039282C73F8D800D84C94 /* ActiveWorkoutView.swift */,
				4580392C2C73FCF800D84C94 /* CalendarView.swift */,
				458039362C750F2B00D84C94 /* SearchBarView.swift */,
				458039382C750F3700D84C94 /* ExerciseDetailView.swift */,
			);
			path = Views;
			sourceTree = "<group>";
		};
		4580390D2C73E91900D84C94 /* Components */ = {
			isa = PBXGroup;
			children = (
				458039222C73F23600D84C94 /* ExerciseRowView.swift */,
				4580392A2C73F9E500D84C94 /* WorkoutTemplateCardView.swift */,
			);
			path = Components;
			sourceTree = "<group>";
		};
		4580390E2C73E92300D84C94 /* Models */ = {
			isa = PBXGroup;
			children = (
				4580391E2C73F1AC00D84C94 /* Exercise.swift */,
				458039202C73F21E00D84C94 /* SampleExercises.swift */,
				458039242C73F4C200D84C94 /* WorkoutTemplate.swift */,
				458039262C73F4F400D84C94 /* SampleWorkoutTemplates.swift */,
				458039342C7419CB00D84C94 /* ExerciseModel.swift */,
			);
			path = Models;
			sourceTree = "<group>";
		};
		4580390F2C73E92900D84C94 /* ViewModels */ = {
			isa = PBXGroup;
			children = (
			);
			path = ViewModels;
			sourceTree = "<group>";
		};
		4580393F2C75497B00D84C94 /* Configurations */ = {
			isa = PBXGroup;
			children = (
			);
			path = Configurations;
			sourceTree = "<group>";
		};
		458039462C7669E600D84C94 /* Admin */ = {
			isa = PBXGroup;
			children = (
				458039472C766A0A00D84C94 /* AdminExerciseManagerView.swift */,
			);
			path = Admin;
			sourceTree = "<group>";
		};
/* End PBXGroup section */

/* Begin PBXNativeTarget section */
		458038FA2C73E8F600D84C94 /* Workout Tracker */ = {
			isa = PBXNativeTarget;
			buildConfigurationList = 458039092C73E8F700D84C94 /* Build configuration list for PBXNativeTarget "Workout Tracker" */;
			buildPhases = (
				458038F72C73E8F600D84C94 /* Sources */,
				458038F82C73E8F600D84C94 /* Frameworks */,
				458038F92C73E8F600D84C94 /* Resources */,
			);
			buildRules = (
			);
			dependencies = (
			);
			name = "Workout Tracker";
			packageProductDependencies = (
				45BD11D02C77E06100FA04A6 /* FirebaseAnalytics */,
				45BD11D22C77E06100FA04A6 /* FirebaseAuth */,
				45BD11D42C77E06100FA04A6 /* FirebaseFirestore */,
				4504F8D32C7E884100DD8383 /* SDWebImage */,
				4504F8D52C7E884100DD8383 /* SDWebImageMapKit */,
				4504F8D82C7E8A3400DD8383 /* SDWebImageSwiftUI */,
			);
			productName = "Workout Tracker";
			productReference = 458038FB2C73E8F600D84C94 /* Workout Tracker.app */;
			productType = "com.apple.product-type.application";
		};
/* End PBXNativeTarget section */

/* Begin PBXProject section */
		458038F32C73E8F600D84C94 /* Project object */ = {
			isa = PBXProject;
			attributes = {
				BuildIndependentTargetsInParallel = 1;
				LastSwiftUpdateCheck = 1540;
				LastUpgradeCheck = 1540;
				TargetAttributes = {
					458038FA2C73E8F600D84C94 = {
						CreatedOnToolsVersion = 15.4;
					};
				};
			};
			buildConfigurationList = 458038F62C73E8F600D84C94 /* Build configuration list for PBXProject "Workout Tracker" */;
			compatibilityVersion = "Xcode 14.0";
			developmentRegion = en;
			hasScannedForEncodings = 0;
			knownRegions = (
				en,
				Base,
			);
			mainGroup = 458038F22C73E8F600D84C94;
			packageReferences = (
				45BD11CF2C77E06100FA04A6 /* XCRemoteSwiftPackageReference "firebase-ios-sdk" */,
				4504F8D22C7E884100DD8383 /* XCRemoteSwiftPackageReference "SDWebImage" */,
				4504F8D72C7E8A3400DD8383 /* XCRemoteSwiftPackageReference "SDWebImageSwiftUI" */,
			);
			productRefGroup = 458038FC2C73E8F600D84C94 /* Products */;
			projectDirPath = "";
			projectRoot = "";
			targets = (
				458038FA2C73E8F600D84C94 /* Workout Tracker */,
			);
		};
/* End PBXProject section */

/* Begin PBXResourcesBuildPhase section */
		458038F92C73E8F600D84C94 /* Resources */ = {
			isa = PBXResourcesBuildPhase;
			buildActionMask = 2147483647;
			files = (
				458039062C73E8F700D84C94 /* Preview Assets.xcassets in Resources */,
				458039032C73E8F700D84C94 /* Assets.xcassets in Resources */,
				45BD11CE2C77DDD700FA04A6 /* GoogleService-Info.plist in Resources */,
			);
			runOnlyForDeploymentPostprocessing = 0;
		};
/* End PBXResourcesBuildPhase section */

/* Begin PBXSourcesBuildPhase section */
		458038F72C73E8F600D84C94 /* Sources */ = {
			isa = PBXSourcesBuildPhase;
			buildActionMask = 2147483647;
			files = (
				458039012C73E8F600D84C94 /* ProfileView.swift in Sources */,
				458039392C750F3700D84C94 /* ExerciseDetailView.swift in Sources */,
				458039212C73F21E00D84C94 /* SampleExercises.swift in Sources */,
				4504F8D12C7E716600DD8383 /* FirestoreService.swift in Sources */,
				4580392D2C73FCF800D84C94 /* CalendarView.swift in Sources */,
				458039292C73F8D800D84C94 /* ActiveWorkoutView.swift in Sources */,
				458039192C73E9BE00D84C94 /* MeasureView.swift in Sources */,
				458039252C73F4C200D84C94 /* WorkoutTemplate.swift in Sources */,
				458039272C73F4F400D84C94 /* SampleWorkoutTemplates.swift in Sources */,
				458039352C7419CB00D84C94 /* ExerciseModel.swift in Sources */,
				458039482C766A0A00D84C94 /* AdminExerciseManagerView.swift in Sources */,
				4580391D2C73EA1A00D84C94 /* ContentView.swift in Sources */,
				458039122C73E99400D84C94 /* HistoryView.swift in Sources */,
				4580392B2C73F9E500D84C94 /* WorkoutTemplateCardView.swift in Sources */,
				458039142C73E99E00D84C94 /* WorkoutView.swift in Sources */,
				458039372C750F2B00D84C94 /* SearchBarView.swift in Sources */,
				458039332C74198F00D84C94 /* ExerciseDBService.swift in Sources */,
				458039232C73F23600D84C94 /* ExerciseRowView.swift in Sources */,
				4580391B2C73E9C900D84C94 /* MainTabView.swift in Sources */,
				458039172C73E9B500D84C94 /* ExercisesView.swift in Sources */,
				458038FF2C73E8F600D84C94 /* Workout_TrackerApp.swift in Sources */,
				4580391F2C73F1AC00D84C94 /* Exercise.swift in Sources */,
			);
			runOnlyForDeploymentPostprocessing = 0;
		};
/* End PBXSourcesBuildPhase section */

/* Begin XCBuildConfiguration section */
		458039072C73E8F700D84C94 /* Debug */ = {
			isa = XCBuildConfiguration;
			buildSettings = {
				ALWAYS_SEARCH_USER_PATHS = NO;
				ASSETCATALOG_COMPILER_GENERATE_SWIFT_ASSET_SYMBOL_EXTENSIONS = YES;
				CLANG_ANALYZER_NONNULL = YES;
				CLANG_ANALYZER_NUMBER_OBJECT_CONVERSION = YES_AGGRESSIVE;
				CLANG_CXX_LANGUAGE_STANDARD = "gnu++20";
				CLANG_ENABLE_MODULES = YES;
				CLANG_ENABLE_OBJC_ARC = YES;
				CLANG_ENABLE_OBJC_WEAK = YES;
				CLANG_WARN_BLOCK_CAPTURE_AUTORELEASING = YES;
				CLANG_WARN_BOOL_CONVERSION = YES;
				CLANG_WARN_COMMA = YES;
				CLANG_WARN_CONSTANT_CONVERSION = YES;
				CLANG_WARN_DEPRECATED_OBJC_IMPLEMENTATIONS = YES;
				CLANG_WARN_DIRECT_OBJC_ISA_USAGE = YES_ERROR;
				CLANG_WARN_DOCUMENTATION_COMMENTS = YES;
				CLANG_WARN_EMPTY_BODY = YES;
				CLANG_WARN_ENUM_CONVERSION = YES;
				CLANG_WARN_INFINITE_RECURSION = YES;
				CLANG_WARN_INT_CONVERSION = YES;
				CLANG_WARN_NON_LITERAL_NULL_CONVERSION = YES;
				CLANG_WARN_OBJC_IMPLICIT_RETAIN_SELF = YES;
				CLANG_WARN_OBJC_LITERAL_CONVERSION = YES;
				CLANG_WARN_OBJC_ROOT_CLASS = YES_ERROR;
				CLANG_WARN_QUOTED_INCLUDE_IN_FRAMEWORK_HEADER = YES;
				CLANG_WARN_RANGE_LOOP_ANALYSIS = YES;
				CLANG_WARN_STRICT_PROTOTYPES = YES;
				CLANG_WARN_SUSPICIOUS_MOVE = YES;
				CLANG_WARN_UNGUARDED_AVAILABILITY = YES_AGGRESSIVE;
				CLANG_WARN_UNREACHABLE_CODE = YES;
				CLANG_WARN__DUPLICATE_METHOD_MATCH = YES;
				COPY_PHASE_STRIP = NO;
				DEBUG_INFORMATION_FORMAT = dwarf;
				ENABLE_STRICT_OBJC_MSGSEND = YES;
				ENABLE_TESTABILITY = YES;
				ENABLE_USER_SCRIPT_SANDBOXING = YES;
				GCC_C_LANGUAGE_STANDARD = gnu17;
				GCC_DYNAMIC_NO_PIC = NO;
				GCC_NO_COMMON_BLOCKS = YES;
				GCC_OPTIMIZATION_LEVEL = 0;
				GCC_PREPROCESSOR_DEFINITIONS = (
					"DEBUG=1",
					"$(inherited)",
				);
				GCC_WARN_64_TO_32_BIT_CONVERSION = YES;
				GCC_WARN_ABOUT_RETURN_TYPE = YES_ERROR;
				GCC_WARN_UNDECLARED_SELECTOR = YES;
				GCC_WARN_UNINITIALIZED_AUTOS = YES_AGGRESSIVE;
				GCC_WARN_UNUSED_FUNCTION = YES;
				GCC_WARN_UNUSED_VARIABLE = YES;
				IPHONEOS_DEPLOYMENT_TARGET = 17.5;
				LOCALIZATION_PREFERS_STRING_CATALOGS = YES;
				MTL_ENABLE_DEBUG_INFO = INCLUDE_SOURCE;
				MTL_FAST_MATH = YES;
				ONLY_ACTIVE_ARCH = YES;
				SDKROOT = iphoneos;
				SWIFT_ACTIVE_COMPILATION_CONDITIONS = "DEBUG $(inherited)";
				SWIFT_OPTIMIZATION_LEVEL = "-Onone";
			};
			name = Debug;
		};
		458039082C73E8F700D84C94 /* Release */ = {
			isa = XCBuildConfiguration;
			buildSettings = {
				ALWAYS_SEARCH_USER_PATHS = NO;
				ASSETCATALOG_COMPILER_GENERATE_SWIFT_ASSET_SYMBOL_EXTENSIONS = YES;
				CLANG_ANALYZER_NONNULL = YES;
				CLANG_ANALYZER_NUMBER_OBJECT_CONVERSION = YES_AGGRESSIVE;
				CLANG_CXX_LANGUAGE_STANDARD = "gnu++20";
				CLANG_ENABLE_MODULES = YES;
				CLANG_ENABLE_OBJC_ARC = YES;
				CLANG_ENABLE_OBJC_WEAK = YES;
				CLANG_WARN_BLOCK_CAPTURE_AUTORELEASING = YES;
				CLANG_WARN_BOOL_CONVERSION = YES;
				CLANG_WARN_COMMA = YES;
				CLANG_WARN_CONSTANT_CONVERSION = YES;
				CLANG_WARN_DEPRECATED_OBJC_IMPLEMENTATIONS = YES;
				CLANG_WARN_DIRECT_OBJC_ISA_USAGE = YES_ERROR;
				CLANG_WARN_DOCUMENTATION_COMMENTS = YES;
				CLANG_WARN_EMPTY_BODY = YES;
				CLANG_WARN_ENUM_CONVERSION = YES;
				CLANG_WARN_INFINITE_RECURSION = YES;
				CLANG_WARN_INT_CONVERSION = YES;
				CLANG_WARN_NON_LITERAL_NULL_CONVERSION = YES;
				CLANG_WARN_OBJC_IMPLICIT_RETAIN_SELF = YES;
				CLANG_WARN_OBJC_LITERAL_CONVERSION = YES;
				CLANG_WARN_OBJC_ROOT_CLASS = YES_ERROR;
				CLANG_WARN_QUOTED_INCLUDE_IN_FRAMEWORK_HEADER = YES;
				CLANG_WARN_RANGE_LOOP_ANALYSIS = YES;
				CLANG_WARN_STRICT_PROTOTYPES = YES;
				CLANG_WARN_SUSPICIOUS_MOVE = YES;
				CLANG_WARN_UNGUARDED_AVAILABILITY = YES_AGGRESSIVE;
				CLANG_WARN_UNREACHABLE_CODE = YES;
				CLANG_WARN__DUPLICATE_METHOD_MATCH = YES;
				COPY_PHASE_STRIP = NO;
				DEBUG_INFORMATION_FORMAT = "dwarf-with-dsym";
				ENABLE_NS_ASSERTIONS = NO;
				ENABLE_STRICT_OBJC_MSGSEND = YES;
				ENABLE_USER_SCRIPT_SANDBOXING = YES;
				GCC_C_LANGUAGE_STANDARD = gnu17;
				GCC_NO_COMMON_BLOCKS = YES;
				GCC_WARN_64_TO_32_BIT_CONVERSION = YES;
				GCC_WARN_ABOUT_RETURN_TYPE = YES_ERROR;
				GCC_WARN_UNDECLARED_SELECTOR = YES;
				GCC_WARN_UNINITIALIZED_AUTOS = YES_AGGRESSIVE;
				GCC_WARN_UNUSED_FUNCTION = YES;
				GCC_WARN_UNUSED_VARIABLE = YES;
				IPHONEOS_DEPLOYMENT_TARGET = 17.5;
				LOCALIZATION_PREFERS_STRING_CATALOGS = YES;
				MTL_ENABLE_DEBUG_INFO = NO;
				MTL_FAST_MATH = YES;
				SDKROOT = iphoneos;
				SWIFT_COMPILATION_MODE = wholemodule;
				VALIDATE_PRODUCT = YES;
			};
			name = Release;
		};
		4580390A2C73E8F700D84C94 /* Debug */ = {
			isa = XCBuildConfiguration;
			buildSettings = {
				ASSETCATALOG_COMPILER_APPICON_NAME = AppIcon;
				ASSETCATALOG_COMPILER_GLOBAL_ACCENT_COLOR_NAME = AccentColor;
				CODE_SIGN_STYLE = Automatic;
				CURRENT_PROJECT_VERSION = 1;
				DEVELOPMENT_ASSET_PATHS = "\"Workout Tracker/Preview Content\"";
				DEVELOPMENT_TEAM = 2LLLQ7JC9S;
				ENABLE_PREVIEWS = YES;
				GENERATE_INFOPLIST_FILE = YES;
				INFOPLIST_KEY_UIApplicationSceneManifest_Generation = YES;
				INFOPLIST_KEY_UIApplicationSupportsIndirectInputEvents = YES;
				INFOPLIST_KEY_UILaunchScreen_Generation = YES;
				INFOPLIST_KEY_UISupportedInterfaceOrientations_iPad = "UIInterfaceOrientationPortrait UIInterfaceOrientationPortraitUpsideDown UIInterfaceOrientationLandscapeLeft UIInterfaceOrientationLandscapeRight";
				INFOPLIST_KEY_UISupportedInterfaceOrientations_iPhone = "UIInterfaceOrientationPortrait UIInterfaceOrientationLandscapeLeft UIInterfaceOrientationLandscapeRight";
				LD_RUNPATH_SEARCH_PATHS = (
					"$(inherited)",
					"@executable_path/Frameworks",
				);
				MARKETING_VERSION = 1.0;
				PRODUCT_BUNDLE_IDENTIFIER = "com.kenji.Workout-Tracker";
				PRODUCT_NAME = "$(TARGET_NAME)";
				SWIFT_EMIT_LOC_STRINGS = YES;
				SWIFT_VERSION = 5.0;
				TARGETED_DEVICE_FAMILY = "1,2";
			};
			name = Debug;
		};
		4580390B2C73E8F700D84C94 /* Release */ = {
			isa = XCBuildConfiguration;
			buildSettings = {
				ASSETCATALOG_COMPILER_APPICON_NAME = AppIcon;
				ASSETCATALOG_COMPILER_GLOBAL_ACCENT_COLOR_NAME = AccentColor;
				CODE_SIGN_STYLE = Automatic;
				CURRENT_PROJECT_VERSION = 1;
				DEVELOPMENT_ASSET_PATHS = "\"Workout Tracker/Preview Content\"";
				DEVELOPMENT_TEAM = 2LLLQ7JC9S;
				ENABLE_PREVIEWS = YES;
				GENERATE_INFOPLIST_FILE = YES;
				INFOPLIST_KEY_UIApplicationSceneManifest_Generation = YES;
				INFOPLIST_KEY_UIApplicationSupportsIndirectInputEvents = YES;
				INFOPLIST_KEY_UILaunchScreen_Generation = YES;
				INFOPLIST_KEY_UISupportedInterfaceOrientations_iPad = "UIInterfaceOrientationPortrait UIInterfaceOrientationPortraitUpsideDown UIInterfaceOrientationLandscapeLeft UIInterfaceOrientationLandscapeRight";
				INFOPLIST_KEY_UISupportedInterfaceOrientations_iPhone = "UIInterfaceOrientationPortrait UIInterfaceOrientationLandscapeLeft UIInterfaceOrientationLandscapeRight";
				LD_RUNPATH_SEARCH_PATHS = (
					"$(inherited)",
					"@executable_path/Frameworks",
				);
				MARKETING_VERSION = 1.0;
				PRODUCT_BUNDLE_IDENTIFIER = "com.kenji.Workout-Tracker";
				PRODUCT_NAME = "$(TARGET_NAME)";
				SWIFT_EMIT_LOC_STRINGS = YES;
				SWIFT_VERSION = 5.0;
				TARGETED_DEVICE_FAMILY = "1,2";
			};
			name = Release;
		};
/* End XCBuildConfiguration section */

/* Begin XCConfigurationList section */
		458038F62C73E8F600D84C94 /* Build configuration list for PBXProject "Workout Tracker" */ = {
			isa = XCConfigurationList;
			buildConfigurations = (
				458039072C73E8F700D84C94 /* Debug */,
				458039082C73E8F700D84C94 /* Release */,
			);
			defaultConfigurationIsVisible = 0;
			defaultConfigurationName = Release;
		};
		458039092C73E8F700D84C94 /* Build configuration list for PBXNativeTarget "Workout Tracker" */ = {
			isa = XCConfigurationList;
			buildConfigurations = (
				4580390A2C73E8F700D84C94 /* Debug */,
				4580390B2C73E8F700D84C94 /* Release */,
			);
			defaultConfigurationIsVisible = 0;
			defaultConfigurationName = Release;
		};
/* End XCConfigurationList section */

/* Begin XCRemoteSwiftPackageReference section */
		4504F8D22C7E884100DD8383 /* XCRemoteSwiftPackageReference "SDWebImage" */ = {
			isa = XCRemoteSwiftPackageReference;
			repositoryURL = "https://github.com/SDWebImage/SDWebImage.git";
			requirement = {
				kind = upToNextMajorVersion;
				minimumVersion = 5.19.7;
			};
		};
		4504F8D72C7E8A3400DD8383 /* XCRemoteSwiftPackageReference "SDWebImageSwiftUI" */ = {
			isa = XCRemoteSwiftPackageReference;
			repositoryURL = "https://github.com/SDWebImage/SDWebImageSwiftUI";
			requirement = {
				kind = upToNextMajorVersion;
				minimumVersion = 3.1.1;
			};
		};
		45BD11CF2C77E06100FA04A6 /* XCRemoteSwiftPackageReference "firebase-ios-sdk" */ = {
			isa = XCRemoteSwiftPackageReference;
			repositoryURL = "https://github.com/firebase/firebase-ios-sdk";
			requirement = {
				kind = upToNextMajorVersion;
				minimumVersion = 11.1.0;
			};
		};
/* End XCRemoteSwiftPackageReference section */

/* Begin XCSwiftPackageProductDependency section */
		4504F8D32C7E884100DD8383 /* SDWebImage */ = {
			isa = XCSwiftPackageProductDependency;
			package = 4504F8D22C7E884100DD8383 /* XCRemoteSwiftPackageReference "SDWebImage" */;
			productName = SDWebImage;
		};
		4504F8D52C7E884100DD8383 /* SDWebImageMapKit */ = {
			isa = XCSwiftPackageProductDependency;
			package = 4504F8D22C7E884100DD8383 /* XCRemoteSwiftPackageReference "SDWebImage" */;
			productName = SDWebImageMapKit;
		};
		4504F8D82C7E8A3400DD8383 /* SDWebImageSwiftUI */ = {
			isa = XCSwiftPackageProductDependency;
			package = 4504F8D72C7E8A3400DD8383 /* XCRemoteSwiftPackageReference "SDWebImageSwiftUI" */;
			productName = SDWebImageSwiftUI;
		};
		45BD11D02C77E06100FA04A6 /* FirebaseAnalytics */ = {
			isa = XCSwiftPackageProductDependency;
			package = 45BD11CF2C77E06100FA04A6 /* XCRemoteSwiftPackageReference "firebase-ios-sdk" */;
			productName = FirebaseAnalytics;
		};
		45BD11D22C77E06100FA04A6 /* FirebaseAuth */ = {
			isa = XCSwiftPackageProductDependency;
			package = 45BD11CF2C77E06100FA04A6 /* XCRemoteSwiftPackageReference "firebase-ios-sdk" */;
			productName = FirebaseAuth;
		};
		45BD11D42C77E06100FA04A6 /* FirebaseFirestore */ = {
			isa = XCSwiftPackageProductDependency;
			package = 45BD11CF2C77E06100FA04A6 /* XCRemoteSwiftPackageReference "firebase-ios-sdk" */;
			productName = FirebaseFirestore;
		};
/* End XCSwiftPackageProductDependency section */
	};
	rootObject = 458038F32C73E8F600D84C94 /* Project object */;
}
